
Microsoft Visual Studio Solution File, Format Version 12.00
# Visual Studio Version 17
VisualStudioVersion = 17.4.33110.190
MinimumVisualStudioVersion = 10.0.40219.1
Project("{FAE04EC0-301F-11D3-BF4B-00C04F79EFBC}") = "Testing", "Testing\Testing.csproj", "{7F0B0CB3-694F-432E-99AD-6788AEC3029B}"
EndProject
Project("{9A19103F-16F7-4668-BE54-9A1E7A4F7556}") = "eevee-fantasy", "eevee-fantasy\eevee-fantasy.csproj", "{D2553A61-FF13-447B-B1BB-77E283F57733}"
EndProject
Global
	GlobalSection(SolutionConfigurationPlatforms) = preSolution
		Debug|Any CPU = Debug|Any CPU
		Release|Any CPU = Release|Any CPU
	EndGlobalSection
	GlobalSection(ProjectConfigurationPlatforms) = postSolution
		{7F0B0CB3-694F-432E-99AD-6788AEC3029B}.Debug|Any CPU.ActiveCfg = Debug|Any CPU
		{7F0B0CB3-694F-432E-99AD-6788AEC3029B}.Debug|Any CPU.Build.0 = Debug|Any CPU
		{7F0B0CB3-694F-432E-99AD-6788AEC3029B}.Release|Any CPU.ActiveCfg = Release|Any CPU
		{7F0B0CB3-694F-432E-99AD-6788AEC3029B}.Release|Any CPU.Build.0 = Release|Any CPU
		{D2553A61-FF13-447B-B1BB-77E283F57733}.Debug|Any CPU.ActiveCfg = Debug|Any CPU
		{D2553A61-FF13-447B-B1BB-77E283F57733}.Debug|Any CPU.Build.0 = Debug|Any CPU
		{D2553A61-FF13-447B-B1BB-77E283F57733}.Release|Any CPU.ActiveCfg = Release|Any CPU
		{D2553A61-FF13-447B-B1BB-77E283F57733}.Release|Any CPU.Build.0 = Release|Any CPU
	EndGlobalSection
	GlobalSection(SolutionProperties) = preSolution
		HideSolutionNode = FALSE
	EndGlobalSection
	GlobalSection(ExtensibilityGlobals) = postSolution
		SolutionGuid = {AB68C58E-D3A0-4969-BF55-37C9088C3C0B}
	EndGlobalSection
EndGlobal
