
Microsoft Visual Studio Solution File, Format Version 12.00
# Visual Studio Version 17
VisualStudioVersion = 17.4.33110.190
MinimumVisualStudioVersion = 10.0.40219.1
Project("{9A19103F-16F7-4668-BE54-9A1E7A4F7556}") = "eevee-fantasy", "eevee-fantasy.csproj", "{5E8FB4F3-F265-4A51-AB56-91D70DCBB9C9}"
EndProject
Project("{FAE04EC0-301F-11D3-BF4B-00C04F79EFBC}") = "Testing", "..\Testing\Testing.csproj", "{56D4E3D9-98CC-4EC8-A996-1736A4CCD2FE}"
EndProject
Global
	GlobalSection(SolutionConfigurationPlatforms) = preSolution
		Debug|Any CPU = Debug|Any CPU
		Release|Any CPU = Release|Any CPU
	EndGlobalSection
	GlobalSection(ProjectConfigurationPlatforms) = postSolution
		{5E8FB4F3-F265-4A51-AB56-91D70DCBB9C9}.Debug|Any CPU.ActiveCfg = Debug|Any CPU
		{5E8FB4F3-F265-4A51-AB56-91D70DCBB9C9}.Debug|Any CPU.Build.0 = Debug|Any CPU
		{5E8FB4F3-F265-4A51-AB56-91D70DCBB9C9}.Release|Any CPU.ActiveCfg = Release|Any CPU
		{5E8FB4F3-F265-4A51-AB56-91D70DCBB9C9}.Release|Any CPU.Build.0 = Release|Any CPU
		{56D4E3D9-98CC-4EC8-A996-1736A4CCD2FE}.Debug|Any CPU.ActiveCfg = Debug|Any CPU
		{56D4E3D9-98CC-4EC8-A996-1736A4CCD2FE}.Debug|Any CPU.Build.0 = Debug|Any CPU
		{56D4E3D9-98CC-4EC8-A996-1736A4CCD2FE}.Release|Any CPU.ActiveCfg = Release|Any CPU
		{56D4E3D9-98CC-4EC8-A996-1736A4CCD2FE}.Release|Any CPU.Build.0 = Release|Any CPU
	EndGlobalSection
	GlobalSection(SolutionProperties) = preSolution
		HideSolutionNode = FALSE
	EndGlobalSection
	GlobalSection(ExtensibilityGlobals) = postSolution
		SolutionGuid = {AB68C58E-D3A0-4969-BF55-37C9088C3C0B}
	EndGlobalSection
EndGlobal
